// !$*UTF8*$!
{
	archiveVersion = 1;
	classes = {
	};
	objectVersion = 46;
	objects = {

/* Begin PBXBuildFile section */
		BC413DB21ED6FEA300DAE6DE /* base.frag in Resources */ = {isa = PBXBuildFile; fileRef = BC413DB01ED6FEA300DAE6DE /* base.frag */; };
		BC413DB31ED6FEA300DAE6DE /* base.vert in Resources */ = {isa = PBXBuildFile; fileRef = BC413DB11ED6FEA300DAE6DE /* base.vert */; };
		BC42B8031ED6B21A000B2726 /* main.m in Sources */ = {isa = PBXBuildFile; fileRef = BC42B8021ED6B21A000B2726 /* main.m */; };
		BC42B8061ED6B21A000B2726 /* AppDelegate.m in Sources */ = {isa = PBXBuildFile; fileRef = BC42B8051ED6B21A000B2726 /* AppDelegate.m */; };
		BC42B8091ED6B21A000B2726 /* glesViewController.mm in Sources */ = {isa = PBXBuildFile; fileRef = BC42B8081ED6B21A000B2726 /* glesViewController.mm */; };
		BC42B80C1ED6B21A000B2726 /* Main.storyboard in Resources */ = {isa = PBXBuildFile; fileRef = BC42B80A1ED6B21A000B2726 /* Main.storyboard */; };
		BC42B80E1ED6B21A000B2726 /* Assets.xcassets in Resources */ = {isa = PBXBuildFile; fileRef = BC42B80D1ED6B21A000B2726 /* Assets.xcassets */; };
		BC42B8111ED6B21A000B2726 /* LaunchScreen.storyboard in Resources */ = {isa = PBXBuildFile; fileRef = BC42B80F1ED6B21A000B2726 /* LaunchScreen.storyboard */; };
		BC5C03121EF273E900BACB34 /* home_theater.fbx in Resources */ = {isa = PBXBuildFile; fileRef = BC5C03101EF273E900BACB34 /* home_theater.fbx */; };
		BC5C03131EF273E900BACB34 /* home_theater_a.png in Resources */ = {isa = PBXBuildFile; fileRef = BC5C03111EF273E900BACB34 /* home_theater_a.png */; };
		BC6C977F1ED6B45300C28E41 /* OpenGLES.framework in Frameworks */ = {isa = PBXBuildFile; fileRef = BC6C977E1ED6B45300C28E41 /* OpenGLES.framework */; };
		BC6C97811ED6B45900C28E41 /* GLKit.framework in Frameworks */ = {isa = PBXBuildFile; fileRef = BC6C97801ED6B45900C28E41 /* GLKit.framework */; };
		BC6C97921ED6E73500C28E41 /* box.png in Resources */ = {isa = PBXBuildFile; fileRef = BC6C97911ED6E73500C28E41 /* box.png */; };
		BC8FCD0E1ED84AE300AF077A /* baseLight.frag in Resources */ = {isa = PBXBuildFile; fileRef = BC8FCD0C1ED84AE300AF077A /* baseLight.frag */; };
		BC8FCD0F1ED84AE300AF077A /* baseLight.vert in Resources */ = {isa = PBXBuildFile; fileRef = BC8FCD0D1ED84AE300AF077A /* baseLight.vert */; };
		BC8FCD131ED8652000AF077A /* lamp.frag in Resources */ = {isa = PBXBuildFile; fileRef = BC8FCD111ED8652000AF077A /* lamp.frag */; };
		BC8FCD141ED8652000AF077A /* lamp.vert in Resources */ = {isa = PBXBuildFile; fileRef = BC8FCD121ED8652000AF077A /* lamp.vert */; };
		BCDEAD7D1ED92FC2009DEAA2 /* CoreMotion.framework in Frameworks */ = {isa = PBXBuildFile; fileRef = BCDEAD7C1ED92FC2009DEAA2 /* CoreMotion.framework */; };
/* End PBXBuildFile section */

/* Begin PBXFileReference section */
		BC413DB01ED6FEA300DAE6DE /* base.frag */ = {isa = PBXFileReference; fileEncoding = 4; lastKnownFileType = sourcecode.glsl; path = base.frag; sourceTree = "<group>"; };
		BC413DB11ED6FEA300DAE6DE /* base.vert */ = {isa = PBXFileReference; fileEncoding = 4; lastKnownFileType = sourcecode.glsl; path = base.vert; sourceTree = "<group>"; };
		BC42B7FE1ED6B21A000B2726 /* OpenGL ES test.app */ = {isa = PBXFileReference; explicitFileType = wrapper.application; includeInIndex = 0; path = "OpenGL ES test.app"; sourceTree = BUILT_PRODUCTS_DIR; };
		BC42B8021ED6B21A000B2726 /* main.m */ = {isa = PBXFileReference; lastKnownFileType = sourcecode.c.objc; path = main.m; sourceTree = "<group>"; };
		BC42B8041ED6B21A000B2726 /* AppDelegate.h */ = {isa = PBXFileReference; lastKnownFileType = sourcecode.c.h; path = AppDelegate.h; sourceTree = "<group>"; };
		BC42B8051ED6B21A000B2726 /* AppDelegate.m */ = {isa = PBXFileReference; lastKnownFileType = sourcecode.c.objc; path = AppDelegate.m; sourceTree = "<group>"; };
		BC42B8071ED6B21A000B2726 /* glesViewController.h */ = {isa = PBXFileReference; lastKnownFileType = sourcecode.c.h; path = glesViewController.h; sourceTree = "<group>"; };
		BC42B8081ED6B21A000B2726 /* glesViewController.mm */ = {isa = PBXFileReference; lastKnownFileType = sourcecode.cpp.objcpp; path = glesViewController.mm; sourceTree = "<group>"; };
		BC42B80B1ED6B21A000B2726 /* Base */ = {isa = PBXFileReference; lastKnownFileType = file.storyboard; name = Base; path = Base.lproj/Main.storyboard; sourceTree = "<group>"; };
		BC42B80D1ED6B21A000B2726 /* Assets.xcassets */ = {isa = PBXFileReference; lastKnownFileType = folder.assetcatalog; path = Assets.xcassets; sourceTree = "<group>"; };
		BC42B8101ED6B21A000B2726 /* Base */ = {isa = PBXFileReference; lastKnownFileType = file.storyboard; name = Base; path = Base.lproj/LaunchScreen.storyboard; sourceTree = "<group>"; };
		BC42B8121ED6B21A000B2726 /* Info.plist */ = {isa = PBXFileReference; lastKnownFileType = text.plist.xml; path = Info.plist; sourceTree = "<group>"; };
		BC5C03101EF273E900BACB34 /* home_theater.fbx */ = {isa = PBXFileReference; lastKnownFileType = file; path = home_theater.fbx; sourceTree = "<group>"; };
		BC5C03111EF273E900BACB34 /* home_theater_a.png */ = {isa = PBXFileReference; lastKnownFileType = image.png; path = home_theater_a.png; sourceTree = "<group>"; };
		BC6C977E1ED6B45300C28E41 /* OpenGLES.framework */ = {isa = PBXFileReference; lastKnownFileType = wrapper.framework; name = OpenGLES.framework; path = System/Library/Frameworks/OpenGLES.framework; sourceTree = SDKROOT; };
		BC6C97801ED6B45900C28E41 /* GLKit.framework */ = {isa = PBXFileReference; lastKnownFileType = wrapper.framework; name = GLKit.framework; path = System/Library/Frameworks/GLKit.framework; sourceTree = SDKROOT; };
		BC6C97831ED6BE1800C28E41 /* RenderFigure.h */ = {isa = PBXFileReference; fileEncoding = 4; lastKnownFileType = sourcecode.c.h; path = RenderFigure.h; sourceTree = "<group>"; };
		BC6C97891ED6C28300C28E41 /* Shader.h */ = {isa = PBXFileReference; fileEncoding = 4; lastKnownFileType = sourcecode.c.h; path = Shader.h; sourceTree = "<group>"; };
		BC6C978A1ED6CCD400C28E41 /* Texture.h */ = {isa = PBXFileReference; fileEncoding = 4; lastKnownFileType = sourcecode.c.h; path = Texture.h; sourceTree = "<group>"; };
		BC6C97911ED6E73500C28E41 /* box.png */ = {isa = PBXFileReference; lastKnownFileType = image.png; path = box.png; sourceTree = "<group>"; };
		BC8FCD0C1ED84AE300AF077A /* baseLight.frag */ = {isa = PBXFileReference; fileEncoding = 4; lastKnownFileType = sourcecode.glsl; path = baseLight.frag; sourceTree = "<group>"; };
		BC8FCD0D1ED84AE300AF077A /* baseLight.vert */ = {isa = PBXFileReference; fileEncoding = 4; lastKnownFileType = sourcecode.glsl; path = baseLight.vert; sourceTree = "<group>"; };
		BC8FCD101ED84B0E00AF077A /* Camera.h */ = {isa = PBXFileReference; lastKnownFileType = sourcecode.c.h; path = Camera.h; sourceTree = "<group>"; };
		BC8FCD111ED8652000AF077A /* lamp.frag */ = {isa = PBXFileReference; fileEncoding = 4; lastKnownFileType = sourcecode.glsl; path = lamp.frag; sourceTree = "<group>"; };
		BC8FCD121ED8652000AF077A /* lamp.vert */ = {isa = PBXFileReference; fileEncoding = 4; lastKnownFileType = sourcecode.glsl; path = lamp.vert; sourceTree = "<group>"; };
		BCDEAD7C1ED92FC2009DEAA2 /* CoreMotion.framework */ = {isa = PBXFileReference; lastKnownFileType = wrapper.framework; name = CoreMotion.framework; path = System/Library/Frameworks/CoreMotion.framework; sourceTree = SDKROOT; };
/* End PBXFileReference section */

/* Begin PBXFrameworksBuildPhase section */
		BC42B7FB1ED6B21A000B2726 /* Frameworks */ = {
			isa = PBXFrameworksBuildPhase;
			buildActionMask = 2147483647;
			files = (
				BCDEAD7D1ED92FC2009DEAA2 /* CoreMotion.framework in Frameworks */,
				BC6C97811ED6B45900C28E41 /* GLKit.framework in Frameworks */,
				BC6C977F1ED6B45300C28E41 /* OpenGLES.framework in Frameworks */,
			);
			runOnlyForDeploymentPostprocessing = 0;
		};
/* End PBXFrameworksBuildPhase section */

/* Begin PBXGroup section */
		BC42B7F51ED6B21A000B2726 = {
			isa = PBXGroup;
			children = (
				BC42B8001ED6B21A000B2726 /* OpenGL ES test */,
				BC42B7FF1ED6B21A000B2726 /* Products */,
				BC6C977D1ED6B45300C28E41 /* Frameworks */,
			);
			sourceTree = "<group>";
		};
		BC42B7FF1ED6B21A000B2726 /* Products */ = {
			isa = PBXGroup;
			children = (
				BC42B7FE1ED6B21A000B2726 /* OpenGL ES test.app */,
			);
			name = Products;
			sourceTree = "<group>";
		};
		BC42B8001ED6B21A000B2726 /* OpenGL ES test */ = {
			isa = PBXGroup;
			children = (
				BC5C030E1EF273CA00BACB34 /* Models */,
				BC6C97901ED6E72900C28E41 /* Textures */,
				BC6C978B1ED6DA3700C28E41 /* Shaders */,
				BC6C97821ED6BDF100C28E41 /* Tools */,
				BC42B8041ED6B21A000B2726 /* AppDelegate.h */,
				BC42B8051ED6B21A000B2726 /* AppDelegate.m */,
				BC42B8071ED6B21A000B2726 /* glesViewController.h */,
				BC42B8081ED6B21A000B2726 /* glesViewController.mm */,
				BC42B80A1ED6B21A000B2726 /* Main.storyboard */,
				BC42B80D1ED6B21A000B2726 /* Assets.xcassets */,
				BC42B80F1ED6B21A000B2726 /* LaunchScreen.storyboard */,
				BC42B8121ED6B21A000B2726 /* Info.plist */,
				BC42B8011ED6B21A000B2726 /* Supporting Files */,
			);
			path = "OpenGL ES test";
			sourceTree = "<group>";
		};
		BC42B8011ED6B21A000B2726 /* Supporting Files */ = {
			isa = PBXGroup;
			children = (
				BC42B8021ED6B21A000B2726 /* main.m */,
			);
			name = "Supporting Files";
			sourceTree = "<group>";
		};
		BC5C030E1EF273CA00BACB34 /* Models */ = {
			isa = PBXGroup;
			children = (
				BC5C030F1EF273E900BACB34 /* house */,
			);
			name = Models;
			sourceTree = "<group>";
		};
		BC5C030F1EF273E900BACB34 /* house */ = {
			isa = PBXGroup;
			children = (
				BC5C03101EF273E900BACB34 /* home_theater.fbx */,
				BC5C03111EF273E900BACB34 /* home_theater_a.png */,
			);
			path = house;
			sourceTree = "<group>";
		};
		BC6C977D1ED6B45300C28E41 /* Frameworks */ = {
			isa = PBXGroup;
			children = (
				BCDEAD7C1ED92FC2009DEAA2 /* CoreMotion.framework */,
				BC6C97801ED6B45900C28E41 /* GLKit.framework */,
				BC6C977E1ED6B45300C28E41 /* OpenGLES.framework */,
			);
			name = Frameworks;
			sourceTree = "<group>";
		};
		BC6C97821ED6BDF100C28E41 /* Tools */ = {
			isa = PBXGroup;
			children = (
				BC6C97831ED6BE1800C28E41 /* RenderFigure.h */,
				BC8FCD101ED84B0E00AF077A /* Camera.h */,
				BC6C97891ED6C28300C28E41 /* Shader.h */,
				BC6C978A1ED6CCD400C28E41 /* Texture.h */,
			);
			name = Tools;
			sourceTree = "<group>";
		};
		BC6C978B1ED6DA3700C28E41 /* Shaders */ = {
			isa = PBXGroup;
			children = (
				BC8FCD111ED8652000AF077A /* lamp.frag */,
				BC8FCD121ED8652000AF077A /* lamp.vert */,
				BC8FCD0C1ED84AE300AF077A /* baseLight.frag */,
				BC8FCD0D1ED84AE300AF077A /* baseLight.vert */,
				BC413DB01ED6FEA300DAE6DE /* base.frag */,
				BC413DB11ED6FEA300DAE6DE /* base.vert */,
			);
			name = Shaders;
			sourceTree = "<group>";
		};
		BC6C97901ED6E72900C28E41 /* Textures */ = {
			isa = PBXGroup;
			children = (
				BC6C97911ED6E73500C28E41 /* box.png */,
			);
			name = Textures;
			sourceTree = "<group>";
		};
/* End PBXGroup section */

/* Begin PBXNativeTarget section */
		BC42B7FD1ED6B21A000B2726 /* OpenGL ES test */ = {
			isa = PBXNativeTarget;
			buildConfigurationList = BC42B8151ED6B21A000B2726 /* Build configuration list for PBXNativeTarget "OpenGL ES test" */;
			buildPhases = (
				BC42B7FA1ED6B21A000B2726 /* Sources */,
				BC42B7FB1ED6B21A000B2726 /* Frameworks */,
				BC42B7FC1ED6B21A000B2726 /* Resources */,
			);
			buildRules = (
			);
			dependencies = (
			);
			name = "OpenGL ES test";
			productName = "OpenGL ES test";
			productReference = BC42B7FE1ED6B21A000B2726 /* OpenGL ES test.app */;
			productType = "com.apple.product-type.application";
		};
/* End PBXNativeTarget section */

/* Begin PBXProject section */
		BC42B7F61ED6B21A000B2726 /* Project object */ = {
			isa = PBXProject;
			attributes = {
				LastUpgradeCheck = 0830;
				ORGANIZATIONNAME = "Stanley Wang";
				TargetAttributes = {
					BC42B7FD1ED6B21A000B2726 = {
						CreatedOnToolsVersion = 8.3.2;
						DevelopmentTeam = K2UY7A3PPV;
						ProvisioningStyle = Automatic;
					};
				};
			};
			buildConfigurationList = BC42B7F91ED6B21A000B2726 /* Build configuration list for PBXProject "OpenGL ES test" */;
			compatibilityVersion = "Xcode 3.2";
			developmentRegion = English;
			hasScannedForEncodings = 0;
			knownRegions = (
				en,
				Base,
			);
			mainGroup = BC42B7F51ED6B21A000B2726;
			productRefGroup = BC42B7FF1ED6B21A000B2726 /* Products */;
			projectDirPath = "";
			projectRoot = "";
			targets = (
				BC42B7FD1ED6B21A000B2726 /* OpenGL ES test */,
			);
		};
/* End PBXProject section */

/* Begin PBXResourcesBuildPhase section */
		BC42B7FC1ED6B21A000B2726 /* Resources */ = {
			isa = PBXResourcesBuildPhase;
			buildActionMask = 2147483647;
			files = (
				BC8FCD0F1ED84AE300AF077A /* baseLight.vert in Resources */,
				BC42B8111ED6B21A000B2726 /* LaunchScreen.storyboard in Resources */,
				BC5C03131EF273E900BACB34 /* home_theater_a.png in Resources */,
				BC8FCD131ED8652000AF077A /* lamp.frag in Resources */,
				BC42B80E1ED6B21A000B2726 /* Assets.xcassets in Resources */,
				BC8FCD141ED8652000AF077A /* lamp.vert in Resources */,
				BC413DB21ED6FEA300DAE6DE /* base.frag in Resources */,
				BC413DB31ED6FEA300DAE6DE /* base.vert in Resources */,
				BC8FCD0E1ED84AE300AF077A /* baseLight.frag in Resources */,
				BC5C03121EF273E900BACB34 /* home_theater.fbx in Resources */,
				BC6C97921ED6E73500C28E41 /* box.png in Resources */,
				BC42B80C1ED6B21A000B2726 /* Main.storyboard in Resources */,
			);
			runOnlyForDeploymentPostprocessing = 0;
		};
/* End PBXResourcesBuildPhase section */

/* Begin PBXSourcesBuildPhase section */
		BC42B7FA1ED6B21A000B2726 /* Sources */ = {
			isa = PBXSourcesBuildPhase;
			buildActionMask = 2147483647;
			files = (
				BC42B8091ED6B21A000B2726 /* glesViewController.mm in Sources */,
				BC42B8061ED6B21A000B2726 /* AppDelegate.m in Sources */,
				BC42B8031ED6B21A000B2726 /* main.m in Sources */,
			);
			runOnlyForDeploymentPostprocessing = 0;
		};
/* End PBXSourcesBuildPhase section */

/* Begin PBXVariantGroup section */
		BC42B80A1ED6B21A000B2726 /* Main.storyboard */ = {
			isa = PBXVariantGroup;
			children = (
				BC42B80B1ED6B21A000B2726 /* Base */,
			);
			name = Main.storyboard;
			sourceTree = "<group>";
		};
		BC42B80F1ED6B21A000B2726 /* LaunchScreen.storyboard */ = {
			isa = PBXVariantGroup;
			children = (
				BC42B8101ED6B21A000B2726 /* Base */,
			);
			name = LaunchScreen.storyboard;
			sourceTree = "<group>";
		};
/* End PBXVariantGroup section */

/* Begin XCBuildConfiguration section */
		BC42B8131ED6B21A000B2726 /* Debug */ = {
			isa = XCBuildConfiguration;
			buildSettings = {
				ALWAYS_SEARCH_USER_PATHS = NO;
				CLANG_ANALYZER_NONNULL = YES;
				CLANG_ANALYZER_NUMBER_OBJECT_CONVERSION = YES_AGGRESSIVE;
				CLANG_CXX_LANGUAGE_STANDARD = "gnu++0x";
				CLANG_CXX_LIBRARY = "libc++";
				CLANG_ENABLE_MODULES = YES;
				CLANG_ENABLE_OBJC_ARC = YES;
				CLANG_WARN_BOOL_CONVERSION = YES;
				CLANG_WARN_CONSTANT_CONVERSION = YES;
				CLANG_WARN_DIRECT_OBJC_ISA_USAGE = YES_ERROR;
				CLANG_WARN_DOCUMENTATION_COMMENTS = YES;
				CLANG_WARN_EMPTY_BODY = YES;
				CLANG_WARN_ENUM_CONVERSION = YES;
				CLANG_WARN_INFINITE_RECURSION = YES;
				CLANG_WARN_INT_CONVERSION = YES;
				CLANG_WARN_OBJC_ROOT_CLASS = YES_ERROR;
				CLANG_WARN_SUSPICIOUS_MOVE = YES;
				CLANG_WARN_UNREACHABLE_CODE = YES;
				CLANG_WARN__DUPLICATE_METHOD_MATCH = YES;
				"CODE_SIGN_IDENTITY[sdk=iphoneos*]" = "iPhone Developer";
				COPY_PHASE_STRIP = NO;
				DEBUG_INFORMATION_FORMAT = dwarf;
				ENABLE_STRICT_OBJC_MSGSEND = YES;
				ENABLE_TESTABILITY = YES;
				GCC_C_LANGUAGE_STANDARD = gnu99;
				GCC_DYNAMIC_NO_PIC = NO;
				GCC_NO_COMMON_BLOCKS = YES;
				GCC_OPTIMIZATION_LEVEL = 0;
				GCC_PREPROCESSOR_DEFINITIONS = (
					"DEBUG=1",
					"$(inherited)",
				);
				GCC_WARN_64_TO_32_BIT_CONVERSION = YES;
				GCC_WARN_ABOUT_RETURN_TYPE = YES_ERROR;
				GCC_WARN_UNDECLARED_SELECTOR = YES;
				GCC_WARN_UNINITIALIZED_AUTOS = YES_AGGRESSIVE;
				GCC_WARN_UNUSED_FUNCTION = YES;
				GCC_WARN_UNUSED_VARIABLE = YES;
				IPHONEOS_DEPLOYMENT_TARGET = 10.3;
				MTL_ENABLE_DEBUG_INFO = YES;
				ONLY_ACTIVE_ARCH = YES;
				SDKROOT = iphoneos;
			};
			name = Debug;
		};
		BC42B8141ED6B21A000B2726 /* Release */ = {
			isa = XCBuildConfiguration;
			buildSettings = {
				ALWAYS_SEARCH_USER_PATHS = NO;
				CLANG_ANALYZER_NONNULL = YES;
				CLANG_ANALYZER_NUMBER_OBJECT_CONVERSION = YES_AGGRESSIVE;
				CLANG_CXX_LANGUAGE_STANDARD = "gnu++0x";
				CLANG_CXX_LIBRARY = "libc++";
				CLANG_ENABLE_MODULES = YES;
				CLANG_ENABLE_OBJC_ARC = YES;
				CLANG_WARN_BOOL_CONVERSION = YES;
				CLANG_WARN_CONSTANT_CONVERSION = YES;
				CLANG_WARN_DIRECT_OBJC_ISA_USAGE = YES_ERROR;
				CLANG_WARN_DOCUMENTATION_COMMENTS = YES;
				CLANG_WARN_EMPTY_BODY = YES;
				CLANG_WARN_ENUM_CONVERSION = YES;
				CLANG_WARN_INFINITE_RECURSION = YES;
				CLANG_WARN_INT_CONVERSION = YES;
				CLANG_WARN_OBJC_ROOT_CLASS = YES_ERROR;
				CLANG_WARN_SUSPICIOUS_MOVE = YES;
				CLANG_WARN_UNREACHABLE_CODE = YES;
				CLANG_WARN__DUPLICATE_METHOD_MATCH = YES;
				"CODE_SIGN_IDENTITY[sdk=iphoneos*]" = "iPhone Developer";
				COPY_PHASE_STRIP = NO;
				DEBUG_INFORMATION_FORMAT = "dwarf-with-dsym";
				ENABLE_NS_ASSERTIONS = NO;
				ENABLE_STRICT_OBJC_MSGSEND = YES;
				GCC_C_LANGUAGE_STANDARD = gnu99;
				GCC_NO_COMMON_BLOCKS = YES;
				GCC_WARN_64_TO_32_BIT_CONVERSION = YES;
				GCC_WARN_ABOUT_RETURN_TYPE = YES_ERROR;
				GCC_WARN_UNDECLARED_SELECTOR = YES;
				GCC_WARN_UNINITIALIZED_AUTOS = YES_AGGRESSIVE;
				GCC_WARN_UNUSED_FUNCTION = YES;
				GCC_WARN_UNUSED_VARIABLE = YES;
				IPHONEOS_DEPLOYMENT_TARGET = 10.3;
				MTL_ENABLE_DEBUG_INFO = NO;
				SDKROOT = iphoneos;
				VALIDATE_PRODUCT = YES;
			};
			name = Release;
		};
		BC42B8161ED6B21A000B2726 /* Debug */ = {
			isa = XCBuildConfiguration;
			buildSettings = {
				ASSETCATALOG_COMPILER_APPICON_NAME = AppIcon;
				DEVELOPMENT_TEAM = K2UY7A3PPV;
				HEADER_SEARCH_PATHS = "";
				INFOPLIST_FILE = "OpenGL ES test/Info.plist";
				LD_RUNPATH_SEARCH_PATHS = "$(inherited) @executable_path/Frameworks";
				PRODUCT_BUNDLE_IDENTIFIER = "cn.ech.mnd.OpenGL-ES-test";
				PRODUCT_NAME = "$(TARGET_NAME)";
			};
			name = Debug;
		};
		BC42B8171ED6B21A000B2726 /* Release */ = {
			isa = XCBuildConfiguration;
			buildSettings = {
				ASSETCATALOG_COMPILER_APPICON_NAME = AppIcon;
				DEVELOPMENT_TEAM = K2UY7A3PPV;
				HEADER_SEARCH_PATHS = "";
				INFOPLIST_FILE = "OpenGL ES test/Info.plist";
				LD_RUNPATH_SEARCH_PATHS = "$(inherited) @executable_path/Frameworks";
				PRODUCT_BUNDLE_IDENTIFIER = "cn.ech.mnd.OpenGL-ES-test";
				PRODUCT_NAME = "$(TARGET_NAME)";
			};
			name = Release;
		};
/* End XCBuildConfiguration section */

/* Begin XCConfigurationList section */
		BC42B7F91ED6B21A000B2726 /* Build configuration list for PBXProject "OpenGL ES test" */ = {
			isa = XCConfigurationList;
			buildConfigurations = (
				BC42B8131ED6B21A000B2726 /* Debug */,
				BC42B8141ED6B21A000B2726 /* Release */,
			);
			defaultConfigurationIsVisible = 0;
			defaultConfigurationName = Release;
		};
		BC42B8151ED6B21A000B2726 /* Build configuration list for PBXNativeTarget "OpenGL ES test" */ = {
			isa = XCConfigurationList;
			buildConfigurations = (
				BC42B8161ED6B21A000B2726 /* Debug */,
				BC42B8171ED6B21A000B2726 /* Release */,
			);
			defaultConfigurationIsVisible = 0;
			defaultConfigurationName = Release;
		};
/* End XCConfigurationList section */
	};
	rootObject = BC42B7F61ED6B21A000B2726 /* Project object */;
}
